
Microsoft Visual Studio Solution File, Format Version 12.00
# Visual Studio Version 17
VisualStudioVersion = 17.14.36717.8
MinimumVisualStudioVersion = 10.0.40219.1
Project("{FAE04EC0-301F-11D3-BF4B-00C04F79EFBC}") = "FirstAPI", "FirstAPI\FirstAPI.csproj", "{89686E14-1A9C-4BD5-966C-2D4EAA8BA3EE}"
EndProject
Project("{2150E333-8FDC-42A3-9474-1A3956D46DE8}") = "Solution Items", "Solution Items", "{8EC462FD-D22E-90A8-E5CE-7E832BA40C5D}"
EndProject
Project("{FAE04EC0-301F-11D3-BF4B-00C04F79EFBC}") = "FirstAPI.Tests", "FirstAPI.Tests\FirstAPI.Tests.csproj", "{FAC737EF-C63B-4888-B54D-B5AC5F5E339E}"
EndProject
Global
	GlobalSection(SolutionConfigurationPlatforms) = preSolution
		Debug|Any CPU = Debug|Any CPU
		Debug|x64 = Debug|x64
		Debug|x86 = Debug|x86
		Release|Any CPU = Release|Any CPU
		Release|x64 = Release|x64
		Release|x86 = Release|x86
	EndGlobalSection
	GlobalSection(ProjectConfigurationPlatforms) = postSolution
		{89686E14-1A9C-4BD5-966C-2D4EAA8BA3EE}.Debug|Any CPU.ActiveCfg = Debug|Any CPU
		{89686E14-1A9C-4BD5-966C-2D4EAA8BA3EE}.Debug|Any CPU.Build.0 = Debug|Any CPU
		{89686E14-1A9C-4BD5-966C-2D4EAA8BA3EE}.Debug|x64.ActiveCfg = Debug|Any CPU
		{89686E14-1A9C-4BD5-966C-2D4EAA8BA3EE}.Debug|x64.Build.0 = Debug|Any CPU
		{89686E14-1A9C-4BD5-966C-2D4EAA8BA3EE}.Debug|x86.ActiveCfg = Debug|Any CPU
		{89686E14-1A9C-4BD5-966C-2D4EAA8BA3EE}.Debug|x86.Build.0 = Debug|Any CPU
		{89686E14-1A9C-4BD5-966C-2D4EAA8BA3EE}.Release|Any CPU.ActiveCfg = Release|Any CPU
		{89686E14-1A9C-4BD5-966C-2D4EAA8BA3EE}.Release|Any CPU.Build.0 = Release|Any CPU
		{89686E14-1A9C-4BD5-966C-2D4EAA8BA3EE}.Release|x64.ActiveCfg = Release|Any CPU
		{89686E14-1A9C-4BD5-966C-2D4EAA8BA3EE}.Release|x64.Build.0 = Release|Any CPU
		{89686E14-1A9C-4BD5-966C-2D4EAA8BA3EE}.Release|x86.ActiveCfg = Release|Any CPU
		{89686E14-1A9C-4BD5-966C-2D4EAA8BA3EE}.Release|x86.Build.0 = Release|Any CPU
		{FAC737EF-C63B-4888-B54D-B5AC5F5E339E}.Debug|Any CPU.ActiveCfg = Debug|Any CPU
		{FAC737EF-C63B-4888-B54D-B5AC5F5E339E}.Debug|Any CPU.Build.0 = Debug|Any CPU
		{FAC737EF-C63B-4888-B54D-B5AC5F5E339E}.Debug|x64.ActiveCfg = Debug|Any CPU
		{FAC737EF-C63B-4888-B54D-B5AC5F5E339E}.Debug|x64.Build.0 = Debug|Any CPU
		{FAC737EF-C63B-4888-B54D-B5AC5F5E339E}.Debug|x86.ActiveCfg = Debug|Any CPU
		{FAC737EF-C63B-4888-B54D-B5AC5F5E339E}.Debug|x86.Build.0 = Debug|Any CPU
		{FAC737EF-C63B-4888-B54D-B5AC5F5E339E}.Release|Any CPU.ActiveCfg = Release|Any CPU
		{FAC737EF-C63B-4888-B54D-B5AC5F5E339E}.Release|Any CPU.Build.0 = Release|Any CPU
		{FAC737EF-C63B-4888-B54D-B5AC5F5E339E}.Release|x64.ActiveCfg = Release|Any CPU
		{FAC737EF-C63B-4888-B54D-B5AC5F5E339E}.Release|x64.Build.0 = Release|Any CPU
		{FAC737EF-C63B-4888-B54D-B5AC5F5E339E}.Release|x86.ActiveCfg = Release|Any CPU
		{FAC737EF-C63B-4888-B54D-B5AC5F5E339E}.Release|x86.Build.0 = Release|Any CPU
	EndGlobalSection
	GlobalSection(SolutionProperties) = preSolution
		HideSolutionNode = FALSE
	EndGlobalSection
	GlobalSection(ExtensibilityGlobals) = postSolution
		SolutionGuid = {5F39223A-34CD-4FA6-89ED-BEA06D7325F4}
	EndGlobalSection
EndGlobal
